
Microsoft Visual Studio Solution File, Format Version 12.00
# Visual Studio Version 17
VisualStudioVersion = 17.12.35707.178 d17.12
MinimumVisualStudioVersion = 10.0.40219.1
Project("{FAE04EC0-301F-11D3-BF4B-00C04F79EFBC}") = "HostProject", "HostProject\HostProject.csproj", "{C6D437DC-5F35-4CB6-A1D4-A2C8C0307A9A}"
EndProject
Global
	GlobalSection(SolutionConfigurationPlatforms) = preSolution
		Debug|Any CPU = Debug|Any CPU
		Release|Any CPU = Release|Any CPU
	EndGlobalSection
	GlobalSection(ProjectConfigurationPlatforms) = postSolution
		{C6D437DC-5F35-4CB6-A1D4-A2C8C0307A9A}.Debug|Any CPU.ActiveCfg = Debug|Any CPU
		{C6D437DC-5F35-4CB6-A1D4-A2C8C0307A9A}.Debug|Any CPU.Build.0 = Debug|Any CPU
		{C6D437DC-5F35-4CB6-A1D4-A2C8C0307A9A}.Release|Any CPU.ActiveCfg = Release|Any CPU
		{C6D437DC-5F35-4CB6-A1D4-A2C8C0307A9A}.Release|Any CPU.Build.0 = Release|Any CPU
	EndGlobalSection
	GlobalSection(SolutionProperties) = preSolution
		HideSolutionNode = FALSE
	EndGlobalSection
EndGlobal
